<?xml version="1.0" encoding="utf-8"?>
<Project ToolsVersion="4.0" xmlns="http://schemas.microsoft.com/developer/msbuild/2003">
  <ItemGroup>
    <Filter Include="Source Files">
      <UniqueIdentifier>{0874f20d-661c-4719-90fd-029b7075c9f7}</UniqueIdentifier>
      <Extensions>cpp;c;cxx;def;odl;idl;hpj;bat;asm</Extensions>
    </Filter>
    <Filter Include="Header Files">
      <UniqueIdentifier>{0ef099c9-693e-459e-ac33-5b870c9a829b}</UniqueIdentifier>
      <Extensions>h;hpp;hxx;hm;inl;inc</Extensions>
    </Filter>
    <Filter Include="Resource Files">
      <UniqueIdentifier>{b0c9af2f-0876-4ad1-a2f2-01cc981c60c5}</UniqueIdentifier>
      <Extensions>rc;ico;cur;bmp;dlg;rc2;rct;bin;rgs;jpg;jpeg;jpe;manifest</Extensions>
    </Filter>
  </ItemGroup>
  <ItemGroup>
    <ClCompile Include="ChildFrm.cpp">
      <Filter>Source Files</Filter>
    </ClCompile>
    <ClCompile Include="MainFrm.cpp">
      <Filter>Source Files</Filter>
    </ClCompile>
    <ClCompile Include="SigPrmsDlg.cpp">
      <Filter>Source Files</Filter>
    </ClCompile>
    <ClCompile Include="Signal.cpp">
      <Filter>Source Files</Filter>
    </ClCompile>
    <ClCompile Include="SignalDoc.cpp">
      <Filter>Source Files</Filter>
    </ClCompile>
    <ClCompile Include="SignalSin.cpp">
      <Filter>Source Files</Filter>
    </ClCompile>
    <ClCompile Include="SignalTri.cpp">
      <Filter>Source Files</Filter>
    </ClCompile>
    <ClCompile Include="SignalView.cpp">
      <Filter>Source Files</Filter>
    </ClCompile>
    <ClCompile Include="sivi.cpp">
      <Filter>Source Files</Filter>
    </ClCompile>
    <ClCompile Include="StdAfx.cpp">
      <Filter>Source Files</Filter>
    </ClCompile>
    <ClCompile Include="CNumericEdit.cpp">
      <Filter>Source Files</Filter>
    </ClCompile>
  </ItemGroup>
  <ItemGroup>
    <ClInclude Include="ChildFrm.h">
      <Filter>Header Files</Filter>
    </ClInclude>
    <ClInclude Include="MainFrm.h">
      <Filter>Header Files</Filter>
    </ClInclude>
    <ClInclude Include="Resource.h">
      <Filter>Header Files</Filter>
    </ClInclude>
    <ClInclude Include="SigPrmsDlg.h">
      <Filter>Header Files</Filter>
    </ClInclude>
    <ClInclude Include="Signal.h">
      <Filter>Header Files</Filter>
    </ClInclude>
    <ClInclude Include="SignalDoc.h">
      <Filter>Header Files</Filter>
    </ClInclude>
    <ClInclude Include="SignalSin.h">
      <Filter>Header Files</Filter>
    </ClInclude>
    <ClInclude Include="SignalTri.h">
      <Filter>Header Files</Filter>
    </ClInclude>
    <ClInclude Include="SignalView.h">
      <Filter>Header Files</Filter>
    </ClInclude>
    <ClInclude Include="sivi.h">
      <Filter>Header Files</Filter>
    </ClInclude>
    <ClInclude Include="StdAfx.h">
      <Filter>Header Files</Filter>
    </ClInclude>
    <ClInclude Include="CNumericEdit.h">
      <Filter>Header Files</Filter>
    </ClInclude>
  </ItemGroup>
  <ItemGroup>
    <Image Include="res\Toolbar.bmp">
      <Filter>Resource Files</Filter>
    </Image>
    <Image Include="res\sivi.ico">
      <Filter>Resource Files</Filter>
    </Image>
    <Image Include="res\SignalDoc.ico">
      <Filter>Resource Files</Filter>
    </Image>
  </ItemGroup>
  <ItemGroup>
    <Manifest Include="res\sivi.manifest">
      <Filter>Resource Files</Filter>
    </Manifest>
  </ItemGroup>
  <ItemGroup>
    <ResourceCompile Include="sivi.rc">
      <Filter>Resource Files</Filter>
    </ResourceCompile>
  </ItemGroup>
  <ItemGroup>
    <None Include="res\sivi.rc2">
      <Filter>Resource Files</Filter>
    </None>
    <None Include="sivi.reg" />
  </ItemGroup>
  <ItemGroup>
    <Text Include="ReadMe.txt" />
  </ItemGroup>
</Project>